
Microsoft Visual Studio Solution File, Format Version 12.00
# Visual Studio 2013
VisualStudioVersion = 12.0.21005.1
MinimumVisualStudioVersion = 10.0.40219.1
Project("{FAE04EC0-301F-11D3-BF4B-00C04F79EFBC}") = "FMCW_final", "FMCW_final\FMCW_final.csproj", "{22BEABB2-C7DD-4361-B7C8-E95FF5749F33}"
EndProject
Global
	GlobalSection(SolutionConfigurationPlatforms) = preSolution
		Debug|Any CPU = Debug|Any CPU
		Debug|Mixed Platforms = Debug|Mixed Platforms
		Debug|x64 = Debug|x64
		Debug|x86 = Debug|x86
		DebugMono|Any CPU = DebugMono|Any CPU
		DebugMono|Mixed Platforms = DebugMono|Mixed Platforms
		DebugMono|x64 = DebugMono|x64
		DebugMono|x86 = DebugMono|x86
		DebugMonoPY3|Any CPU = DebugMonoPY3|Any CPU
		DebugMonoPY3|Mixed Platforms = DebugMonoPY3|Mixed Platforms
		DebugMonoPY3|x64 = DebugMonoPY3|x64
		DebugMonoPY3|x86 = DebugMonoPY3|x86
		DebugWin|Any CPU = DebugWin|Any CPU
		DebugWin|Mixed Platforms = DebugWin|Mixed Platforms
		DebugWin|x64 = DebugWin|x64
		DebugWin|x86 = DebugWin|x86
		DebugWinPY3|Any CPU = DebugWinPY3|Any CPU
		DebugWinPY3|Mixed Platforms = DebugWinPY3|Mixed Platforms
		DebugWinPY3|x64 = DebugWinPY3|x64
		DebugWinPY3|x86 = DebugWinPY3|x86
		Release|Any CPU = Release|Any CPU
		Release|Mixed Platforms = Release|Mixed Platforms
		Release|x64 = Release|x64
		Release|x86 = Release|x86
		ReleaseMono|Any CPU = ReleaseMono|Any CPU
		ReleaseMono|Mixed Platforms = ReleaseMono|Mixed Platforms
		ReleaseMono|x64 = ReleaseMono|x64
		ReleaseMono|x86 = ReleaseMono|x86
		ReleaseMonoPY3|Any CPU = ReleaseMonoPY3|Any CPU
		ReleaseMonoPY3|Mixed Platforms = ReleaseMonoPY3|Mixed Platforms
		ReleaseMonoPY3|x64 = ReleaseMonoPY3|x64
		ReleaseMonoPY3|x86 = ReleaseMonoPY3|x86
		ReleaseWin|Any CPU = ReleaseWin|Any CPU
		ReleaseWin|Mixed Platforms = ReleaseWin|Mixed Platforms
		ReleaseWin|x64 = ReleaseWin|x64
		ReleaseWin|x86 = ReleaseWin|x86
		ReleaseWinPY3|Any CPU = ReleaseWinPY3|Any CPU
		ReleaseWinPY3|Mixed Platforms = ReleaseWinPY3|Mixed Platforms
		ReleaseWinPY3|x64 = ReleaseWinPY3|x64
		ReleaseWinPY3|x86 = ReleaseWinPY3|x86
	EndGlobalSection
	GlobalSection(ProjectConfigurationPlatforms) = postSolution
		{22BEABB2-C7DD-4361-B7C8-E95FF5749F33}.Debug|Any CPU.ActiveCfg = Debug|Any CPU
		{22BEABB2-C7DD-4361-B7C8-E95FF5749F33}.Debug|Any CPU.Build.0 = Debug|Any CPU
		{22BEABB2-C7DD-4361-B7C8-E95FF5749F33}.Debug|Mixed Platforms.ActiveCfg = Debug|Any CPU
		{22BEABB2-C7DD-4361-B7C8-E95FF5749F33}.Debug|Mixed Platforms.Build.0 = Debug|Any CPU
		{22BEABB2-C7DD-4361-B7C8-E95FF5749F33}.Debug|x64.ActiveCfg = Debug|Any CPU
		{22BEABB2-C7DD-4361-B7C8-E95FF5749F33}.Debug|x86.ActiveCfg = Debug|Any CPU
		{22BEABB2-C7DD-4361-B7C8-E95FF5749F33}.DebugMono|Any CPU.ActiveCfg = Debug|Any CPU
		{22BEABB2-C7DD-4361-B7C8-E95FF5749F33}.DebugMono|Any CPU.Build.0 = Debug|Any CPU
		{22BEABB2-C7DD-4361-B7C8-E95FF5749F33}.DebugMono|Mixed Platforms.ActiveCfg = Debug|Any CPU
		{22BEABB2-C7DD-4361-B7C8-E95FF5749F33}.DebugMono|Mixed Platforms.Build.0 = Debug|Any CPU
		{22BEABB2-C7DD-4361-B7C8-E95FF5749F33}.DebugMono|x64.ActiveCfg = Debug|Any CPU
		{22BEABB2-C7DD-4361-B7C8-E95FF5749F33}.DebugMono|x86.ActiveCfg = Debug|Any CPU
		{22BEABB2-C7DD-4361-B7C8-E95FF5749F33}.DebugMonoPY3|Any CPU.ActiveCfg = Debug|Any CPU
		{22BEABB2-C7DD-4361-B7C8-E95FF5749F33}.DebugMonoPY3|Any CPU.Build.0 = Debug|Any CPU
		{22BEABB2-C7DD-4361-B7C8-E95FF5749F33}.DebugMonoPY3|Mixed Platforms.ActiveCfg = Debug|Any CPU
		{22BEABB2-C7DD-4361-B7C8-E95FF5749F33}.DebugMonoPY3|Mixed Platforms.Build.0 = Debug|Any CPU
		{22BEABB2-C7DD-4361-B7C8-E95FF5749F33}.DebugMonoPY3|x64.ActiveCfg = Debug|Any CPU
		{22BEABB2-C7DD-4361-B7C8-E95FF5749F33}.DebugMonoPY3|x86.ActiveCfg = Debug|Any CPU
		{22BEABB2-C7DD-4361-B7C8-E95FF5749F33}.DebugWin|Any CPU.ActiveCfg = Debug|Any CPU
		{22BEABB2-C7DD-4361-B7C8-E95FF5749F33}.DebugWin|Any CPU.Build.0 = Debug|Any CPU
		{22BEABB2-C7DD-4361-B7C8-E95FF5749F33}.DebugWin|Mixed Platforms.ActiveCfg = Debug|Any CPU
		{22BEABB2-C7DD-4361-B7C8-E95FF5749F33}.DebugWin|Mixed Platforms.Build.0 = Debug|Any CPU
		{22BEABB2-C7DD-4361-B7C8-E95FF5749F33}.DebugWin|x64.ActiveCfg = Debug|Any CPU
		{22BEABB2-C7DD-4361-B7C8-E95FF5749F33}.DebugWin|x86.ActiveCfg = Debug|Any CPU
		{22BEABB2-C7DD-4361-B7C8-E95FF5749F33}.DebugWinPY3|Any CPU.ActiveCfg = Debug|Any CPU
		{22BEABB2-C7DD-4361-B7C8-E95FF5749F33}.DebugWinPY3|Any CPU.Build.0 = Debug|Any CPU
		{22BEABB2-C7DD-4361-B7C8-E95FF5749F33}.DebugWinPY3|Mixed Platforms.ActiveCfg = Debug|Any CPU
		{22BEABB2-C7DD-4361-B7C8-E95FF5749F33}.DebugWinPY3|Mixed Platforms.Build.0 = Debug|Any CPU
		{22BEABB2-C7DD-4361-B7C8-E95FF5749F33}.DebugWinPY3|x64.ActiveCfg = Debug|Any CPU
		{22BEABB2-C7DD-4361-B7C8-E95FF5749F33}.DebugWinPY3|x86.ActiveCfg = Debug|Any CPU
		{22BEABB2-C7DD-4361-B7C8-E95FF5749F33}.Release|Any CPU.ActiveCfg = Release|Any CPU
		{22BEABB2-C7DD-4361-B7C8-E95FF5749F33}.Release|Any CPU.Build.0 = Release|Any CPU
		{22BEABB2-C7DD-4361-B7C8-E95FF5749F33}.Release|Mixed Platforms.ActiveCfg = Release|Any CPU
		{22BEABB2-C7DD-4361-B7C8-E95FF5749F33}.Release|Mixed Platforms.Build.0 = Release|Any CPU
		{22BEABB2-C7DD-4361-B7C8-E95FF5749F33}.Release|x64.ActiveCfg = Release|Any CPU
		{22BEABB2-C7DD-4361-B7C8-E95FF5749F33}.Release|x86.ActiveCfg = Release|Any CPU
		{22BEABB2-C7DD-4361-B7C8-E95FF5749F33}.ReleaseMono|Any CPU.ActiveCfg = Release|Any CPU
		{22BEABB2-C7DD-4361-B7C8-E95FF5749F33}.ReleaseMono|Any CPU.Build.0 = Release|Any CPU
		{22BEABB2-C7DD-4361-B7C8-E95FF5749F33}.ReleaseMono|Mixed Platforms.ActiveCfg = Release|Any CPU
		{22BEABB2-C7DD-4361-B7C8-E95FF5749F33}.ReleaseMono|Mixed Platforms.Build.0 = Release|Any CPU
		{22BEABB2-C7DD-4361-B7C8-E95FF5749F33}.ReleaseMono|x64.ActiveCfg = Release|Any CPU
		{22BEABB2-C7DD-4361-B7C8-E95FF5749F33}.ReleaseMono|x86.ActiveCfg = Release|Any CPU
		{22BEABB2-C7DD-4361-B7C8-E95FF5749F33}.ReleaseMonoPY3|Any CPU.ActiveCfg = Release|Any CPU
		{22BEABB2-C7DD-4361-B7C8-E95FF5749F33}.ReleaseMonoPY3|Any CPU.Build.0 = Release|Any CPU
		{22BEABB2-C7DD-4361-B7C8-E95FF5749F33}.ReleaseMonoPY3|Mixed Platforms.ActiveCfg = Release|Any CPU
		{22BEABB2-C7DD-4361-B7C8-E95FF5749F33}.ReleaseMonoPY3|Mixed Platforms.Build.0 = Release|Any CPU
		{22BEABB2-C7DD-4361-B7C8-E95FF5749F33}.ReleaseMonoPY3|x64.ActiveCfg = Release|Any CPU
		{22BEABB2-C7DD-4361-B7C8-E95FF5749F33}.ReleaseMonoPY3|x86.ActiveCfg = Release|Any CPU
		{22BEABB2-C7DD-4361-B7C8-E95FF5749F33}.ReleaseWin|Any CPU.ActiveCfg = Release|Any CPU
		{22BEABB2-C7DD-4361-B7C8-E95FF5749F33}.ReleaseWin|Any CPU.Build.0 = Release|Any CPU
		{22BEABB2-C7DD-4361-B7C8-E95FF5749F33}.ReleaseWin|Mixed Platforms.ActiveCfg = Release|Any CPU
		{22BEABB2-C7DD-4361-B7C8-E95FF5749F33}.ReleaseWin|Mixed Platforms.Build.0 = Release|Any CPU
		{22BEABB2-C7DD-4361-B7C8-E95FF5749F33}.ReleaseWin|x64.ActiveCfg = Release|Any CPU
		{22BEABB2-C7DD-4361-B7C8-E95FF5749F33}.ReleaseWin|x86.ActiveCfg = Release|Any CPU
		{22BEABB2-C7DD-4361-B7C8-E95FF5749F33}.ReleaseWinPY3|Any CPU.ActiveCfg = Release|Any CPU
		{22BEABB2-C7DD-4361-B7C8-E95FF5749F33}.ReleaseWinPY3|Any CPU.Build.0 = Release|Any CPU
		{22BEABB2-C7DD-4361-B7C8-E95FF5749F33}.ReleaseWinPY3|Mixed Platforms.ActiveCfg = Release|Any CPU
		{22BEABB2-C7DD-4361-B7C8-E95FF5749F33}.ReleaseWinPY3|Mixed Platforms.Build.0 = Release|Any CPU
		{22BEABB2-C7DD-4361-B7C8-E95FF5749F33}.ReleaseWinPY3|x64.ActiveCfg = Release|Any CPU
		{22BEABB2-C7DD-4361-B7C8-E95FF5749F33}.ReleaseWinPY3|x86.ActiveCfg = Release|Any CPU
	EndGlobalSection
	GlobalSection(SolutionProperties) = preSolution
		HideSolutionNode = FALSE
	EndGlobalSection
EndGlobal
